
Microsoft Visual Studio Solution File, Format Version 12.00
# Visual Studio 15
VisualStudioVersion = 15.0.27703.1
MinimumVisualStudioVersion = 10.0.40219.1
Project("{8BC9CEB8-8B4A-11D0-8D11-00A0C91BC942}") = "ConsoleApplication6", "ConsoleApplication6\ConsoleApplication6.vcxproj", "{3A645D5D-B9AA-4A85-9552-9BF797105804}"
EndProject
Global
	GlobalSection(SolutionConfigurationPlatforms) = preSolution
		Debug|x64 = Debug|x64
		Debug|x86 = Debug|x86
		Release|x64 = Release|x64
		Release|x86 = Release|x86
	EndGlobalSection
	GlobalSection(ProjectConfigurationPlatforms) = postSolution
		{3A645D5D-B9AA-4A85-9552-9BF797105804}.Debug|x64.ActiveCfg = Debug|x64
		{3A645D5D-B9AA-4A85-9552-9BF797105804}.Debug|x64.Build.0 = Debug|x64
		{3A645D5D-B9AA-4A85-9552-9BF797105804}.Debug|x86.ActiveCfg = Debug|Win32
		{3A645D5D-B9AA-4A85-9552-9BF797105804}.Debug|x86.Build.0 = Debug|Win32
		{3A645D5D-B9AA-4A85-9552-9BF797105804}.Release|x64.ActiveCfg = Release|x64
		{3A645D5D-B9AA-4A85-9552-9BF797105804}.Release|x64.Build.0 = Release|x64
		{3A645D5D-B9AA-4A85-9552-9BF797105804}.Release|x86.ActiveCfg = Release|Win32
		{3A645D5D-B9AA-4A85-9552-9BF797105804}.Release|x86.Build.0 = Release|Win32
	EndGlobalSection
	GlobalSection(SolutionProperties) = preSolution
		HideSolutionNode = FALSE
	EndGlobalSection
	GlobalSection(ExtensibilityGlobals) = postSolution
		SolutionGuid = {85C4B789-412C-46FC-82C5-4D7A6F2A6237}
	EndGlobalSection
EndGlobal
